connectrpc.com/connect v1.18.1 h1:PAg7CjSAGvscaf6YZKUefjoih5Z/qYkyaTrBW8xvYPw=
connectrpc.com/connect v1.18.1/go.mod h1:0292hj1rnx8oFrStN7cB4jjVBeqs+Yx5yDIC2prWDO8=
github.com/davecgh/go-spew v1.1.1 h1:vj9j/u1bqnvCEfJOwUhtlOARqs3+rkHYY13jYWTU97c=
github.com/davecgh/go-spew v1.1.1/go.mod h1:J7Y8YcW2NihsgmVo/mv3lAwl/skON4iLHjSsI+c5H38=
github.com/google/go-cmp v0.5.9 h1:O2Tfq5qg4qc4AmwVlvv0oLiVAGB7enBSJ2x2DqQFi38=
github.com/google/go-cmp v0.5.9/go.mod h1:17dUlkBOakJ0+DkrSSNjCkIjxS6bF9zb3elmeNGIjoY=
github.com/klauspost/compress v1.16.7 h1:2mk3MPGNzKyxErAw8YaohYh69+pa4sIQSC0fPGCFR9I=
github.com/klauspost/compress v1.16.7/go.mod h1:ntbaceVETuRiXiv4DpjP66DpAtAGkEQskQzEyD//IeE=
github.com/klauspost/connect-compress/v2 v2.0.0 h1:L7TVsLa6Oo9Hkkb6r3DwSrhBbcWlXjneqBj7fCRXviU=
github.com/klauspost/connect-compress/v2 v2.0.0/go.mod h1:604CD9JSAjGqtVzCM4SRgM/9TFTkWBcp+2wlQfGyJ6c=
github.com/planetscale/vitess-types v0.0.0-20250409004758-020920d5ec5a h1:PMzdwra0DsbjTAufVMx8OMMTdMTMMnyKexN9AqUxCko=
github.com/planetscale/vitess-types v0.0.0-20250409004758-020920d5ec5a/go.mod h1:yRbhtyT9XaBRJ9vwiC++ED8suzJkSmrW4j2XDN7+SPQ=
github.com/planetscale/vtprotobuf v0.6.0 h1:nBeETjudeJ5ZgBHUz1fVHvbqUKnYOXNhsIEabROxmNA=
github.com/planetscale/vtprotobuf v0.6.0/go.mod h1:t/avpk3KcrXxUnYOhZhMXJlSEyie6gQbtLq5NM3loB8=
github.com/pmezard/go-difflib v1.0.0 h1:4DBwDE0NGyQoBHbLQYPwSUPoCMWR5BEzIk/f1lZbAQM=
github.com/pmezard/go-difflib v1.0.0/go.mod h1:iKH77koFhYxTK1pcRnkKkqfTogsbg7gZNVY4sRDYZ/4=
github.com/segmentio/asm v1.2.0 h1:9BQrFxC+YOHJlTlHGkTrFWf59nbL3XnCoFLTwDCI7ys=
github.com/segmentio/asm v1.2.0/go.mod h1:BqMnlJP91P8d+4ibuonYZw9mfnzI9HfxselHZr5aAcs=
github.com/stretchr/testify v1.8.4 h1:CcVxjf3Q8PM0mHUKJCdn+eZZtm5yQwehR5yeSVQQcUk=
github.com/stretchr/testify v1.8.4/go.mod h1:sz/lmYIOXD/1dqDmKjjqLyZ2RngseejIcXlSw2iwfAo=
golang.org/x/net v0.23.0 h1:7EYJ93RZ9vYSZAIb2x3lnuvqO5zneoD6IvWjuhfxjTs=
golang.org/x/net v0.23.0/go.mod h1:JKghWKKOSdJwpW2GEx0Ja7fmaKnMsbu+MWVZTokSYmg=
golang.org/x/sys v0.11.0 h1:eG7RXZHdqOJ1i+0lgLgCpSXAp6M3LYlAo6osgSi0xOM=
golang.org/x/sys v0.11.0/go.mod h1:oPkhp1MJrh7nUepCBck5+mAzfO9JrbApNNgaTdGDITg=
golang.org/x/text v0.14.0 h1:ScX5w1eTa3QqT8oi6+ziP7dTV1S2+ALU0bI+0zXKWiQ=
golang.org/x/text v0.14.0/go.mod h1:18ZOQIKpY8NJVqYksKHtTdi31H5itFRjB5/qKTNYzSU=
google.golang.org/protobuf v1.35.1 h1:m3LfL6/Ca+fqnjnlqQXNpFPABW1UD7mjh8KO2mKFytA=
google.golang.org/protobuf v1.35.1/go.mod h1:9fA7Ob0pmnwhb644+1+CVWFRbNajQ6iRojtC/QF5bRE=
gopkg.in/check.v1 v0.0.0-20161208181325-20d25e280405 h1:yhCVgyC4o1eVCa2tZl7eS0r+SDo693bJlVdllGtEeKM=
gopkg.in/check.v1 v0.0.0-20161208181325-20d25e280405/go.mod h1:Co6ibVJAznAaIkqp8huTwlJQCZ016jof/cbN4VW5Yz0=
gopkg.in/yaml.v3 v3.0.1 h1:fxVm/GzAzEWqLHuvctI91KS9hhNmmWOoWu0XTYJS7CA=
gopkg.in/yaml.v3 v3.0.1/go.mod h1:K4uyk7z7BCEPqu6E+C64Yfv1cQ7kz7rIZviUmN+EgEM=
