# Generated by buf. DO NOT EDIT.
version: v1
deps:
  - remote: buf.build
    owner: planetscale
    repository: vitess
    commit: 9c148f260a264212bb8f6e1343e87685
    digest: shake256:766938ee30eaf36984dad02134bce5d20957c997f78afa580d2e3126dc4518eeb4b2bd5ade888b82e43df597f9a12ed512b488f89ace96d945586234c6c665bf
