# Generated by buf. DO NOT EDIT.
version: v1
deps:
  - remote: buf.build
    owner: planetscale
    repository: vitess
    commit: 5b7c5f01d66e46969fcc8b4fee3ba31c
    digest: shake256:e2c076e176ffc9adc554e03d5dae5fbdea6131a888eb891072d480d0d33da2851861e55fdbcd89552550f103d3471efe7a2383e81546fb70492ea9474e8499e8
