# Generated by buf. DO NOT EDIT.
version: v1
deps:
  - remote: buf.build
    owner: planetscale
    repository: vitess
    commit: 4cad49e0382a4a21a13e508cb3dbf701
    digest: shake256:8c04095a096df6a86b5229a88fc9188a03f02dc7772b1a2c05c1902216cb6139139e8bd279e66f5ef2d184de12476ac78954a869a9d50db1d944abbba72163fb
